{
    "name": "aphorio",
    "version": "0.5.8",
    "lockfileVersion": 2,
    "requires": true,
    "packages": {
        "": {
            "name": "aphorio",
            "version": "0.5.8",
            "license": "AGPL-3.0-only",
            "dependencies": {
                "@lydell/node-pty": "1.2.0-beta.15",
                "@xterm/xterm": "^6.0.0",
                "chart.js": "^4.5.1",
                "jschardet": "^3.1.4"
            },
            "bin": {
                "aphorio": "bin/aphorio.js"
            },
            "devDependencies": {
                "@types/node": "^25.0.8",
                "typescript": "^6.0.3"
            }
        },
        "node_modules/@kurkle/color": {
            "version": "0.3.4",
            "resolved": "https://registry.npmjs.org/@kurkle/color/-/color-0.3.4.tgz",
            "integrity": "sha512-M5UknZPHRu3DEDWoipU6sE8PdkZ6Z/S+v4dD+Ke8IaNlpdSQah50lz1KtcFBa2vsdOnwbbnxJwVM4wty6udA5w==",
            "license": "MIT"
        },
        "node_modules/@lydell/node-pty": {
            "version": "1.2.0-beta.15",
            "resolved": "https://registry.npmjs.org/@lydell/node-pty/-/node-pty-1.2.0-beta.15.tgz",
            "integrity": "sha512-Br8wBxzbxFwdWgk9uQ+rdzE0xfoxOK4QuGH54swhRwc5IxP6H9Y1/bcyazRGvNUs6XkB5qNVkezuKSRxUwZe7A==",
            "license": "MIT",
            "optionalDependencies": {
                "@lydell/node-pty-darwin-arm64": "1.2.0-beta.15",
                "@lydell/node-pty-darwin-x64": "1.2.0-beta.15",
                "@lydell/node-pty-linux-arm64": "1.2.0-beta.15",
                "@lydell/node-pty-linux-x64": "1.2.0-beta.15",
                "@lydell/node-pty-win32-arm64": "1.2.0-beta.15",
                "@lydell/node-pty-win32-x64": "1.2.0-beta.15"
            }
        },
        "node_modules/@lydell/node-pty-darwin-arm64": {
            "version": "1.2.0-beta.15",
            "resolved": "https://registry.npmjs.org/@lydell/node-pty-darwin-arm64/-/node-pty-darwin-arm64-1.2.0-beta.15.tgz",
            "integrity": "sha512-6TSBbzdcLiNTHl1mTuzflqXrkmcC36USVGvERoDgvHk2ItEDaMaFZuAJ1CqPmwYj0DyhCS16TVS8OGK9xZnjyQ==",
            "cpu": [
                "arm64"
            ],
            "license": "MIT",
            "optional": true,
            "os": [
                "darwin"
            ]
        },
        "node_modules/@lydell/node-pty-darwin-x64": {
            "version": "1.2.0-beta.15",
            "resolved": "https://registry.npmjs.org/@lydell/node-pty-darwin-x64/-/node-pty-darwin-x64-1.2.0-beta.15.tgz",
            "integrity": "sha512-yDT2oqPqYMBScyuk1U9Rg5VKcrbMOD9o9jWYYamDADA3NSbUISroPChrqYRQ74Y7BQtNH4gqYAiWOZRi5uQZ0Q==",
            "cpu": [
                "x64"
            ],
            "license": "MIT",
            "optional": true,
            "os": [
                "darwin"
            ]
        },
        "node_modules/@lydell/node-pty-linux-arm64": {
            "version": "1.2.0-beta.15",
            "resolved": "https://registry.npmjs.org/@lydell/node-pty-linux-arm64/-/node-pty-linux-arm64-1.2.0-beta.15.tgz",
            "integrity": "sha512-wkbNF7dYAmtJv+o2+iztVlNwnUB4B0uX0wh/UD+mwMcmE2gNMnW9GChXO7fEE5XJokD0vB5idiHpGegaN+G/sg==",
            "cpu": [
                "arm64"
            ],
            "license": "MIT",
            "optional": true,
            "os": [
                "linux"
            ]
        },
        "node_modules/@lydell/node-pty-linux-x64": {
            "version": "1.2.0-beta.15",
            "resolved": "https://registry.npmjs.org/@lydell/node-pty-linux-x64/-/node-pty-linux-x64-1.2.0-beta.15.tgz",
            "integrity": "sha512-+U/5AVvHT6W+8OCYcnJgN0Qgc0ycO3TfD6aaFJHK+WHij797f8gsi5dV1HEO9l6YQmWCD+VL5gaLDhx3mxHwCA==",
            "cpu": [
                "x64"
            ],
            "license": "MIT",
            "optional": true,
            "os": [
                "linux"
            ]
        },
        "node_modules/@lydell/node-pty-win32-arm64": {
            "version": "1.2.0-beta.15",
            "resolved": "https://registry.npmjs.org/@lydell/node-pty-win32-arm64/-/node-pty-win32-arm64-1.2.0-beta.15.tgz",
            "integrity": "sha512-pyAk91w7wnnKrD4mrHXtIXRfmzSWV5bEzvRhurXcMCtCc2TJ424ciUskIgWMhAPP6y3KyUnqElj+U6kY3iOt0A==",
            "cpu": [
                "arm64"
            ],
            "license": "MIT",
            "optional": true,
            "os": [
                "win32"
            ]
        },
        "node_modules/@lydell/node-pty-win32-x64": {
            "version": "1.2.0-beta.15",
            "resolved": "https://registry.npmjs.org/@lydell/node-pty-win32-x64/-/node-pty-win32-x64-1.2.0-beta.15.tgz",
            "integrity": "sha512-2f8twEmDVxZ7drchAXjtevpmSPhFok0avAnzXro4t5gmz0xsPNKkoZvymwtuIS3xo7PzQqZOPQ/YzwEMb7oIzQ==",
            "cpu": [
                "x64"
            ],
            "license": "MIT",
            "optional": true,
            "os": [
                "win32"
            ]
        },
        "node_modules/@types/node": {
            "version": "25.0.8",
            "resolved": "https://registry.npmjs.org/@types/node/-/node-25.0.8.tgz",
            "integrity": "sha512-powIePYMmC3ibL0UJ2i2s0WIbq6cg6UyVFQxSCpaPxxzAaziRfimGivjdF943sSGV6RADVbk0Nvlm5P/FB44Zg==",
            "dev": true,
            "license": "MIT",
            "dependencies": {
                "undici-types": "~7.16.0"
            }
        },
        "node_modules/@xterm/xterm": {
            "version": "6.0.0",
            "resolved": "https://registry.npmjs.org/@xterm/xterm/-/xterm-6.0.0.tgz",
            "integrity": "sha512-TQwDdQGtwwDt+2cgKDLn0IRaSxYu1tSUjgKarSDkUM0ZNiSRXFpjxEsvc/Zgc5kq5omJ+V0a8/kIM2WD3sMOYg==",
            "license": "MIT",
            "workspaces": [
                "addons/*"
            ]
        },
        "node_modules/chart.js": {
            "version": "4.5.1",
            "resolved": "https://registry.npmjs.org/chart.js/-/chart.js-4.5.1.tgz",
            "integrity": "sha512-GIjfiT9dbmHRiYi6Nl2yFCq7kkwdkp1W/lp2J99rX0yo9tgJGn3lKQATztIjb5tVtevcBtIdICNWqlq5+E8/Pw==",
            "license": "MIT",
            "dependencies": {
                "@kurkle/color": "^0.3.0"
            },
            "engines": {
                "pnpm": ">=8"
            }
        },
        "node_modules/jschardet": {
            "version": "3.1.4",
            "resolved": "https://registry.npmjs.org/jschardet/-/jschardet-3.1.4.tgz",
            "integrity": "sha512-/kmVISmrwVwtyYU40iQUOp3SUPk2dhNCMsZBQX0R1/jZ8maaXJ/oZIzUOiyOqcgtLnETFKYChbJ5iDC/eWmFHg==",
            "license": "LGPL-2.1+",
            "engines": {
                "node": ">=0.1.90"
            }
        },
        "node_modules/typescript": {
            "version": "6.0.3",
            "resolved": "https://registry.npmjs.org/typescript/-/typescript-6.0.3.tgz",
            "integrity": "sha512-y2TvuxSZPDyQakkFRPZHKFm+KKVqIisdg9/CZwm9ftvKXLP8NRWj38/ODjNbr43SsoXqNuAisEf1GdCxqWcdBw==",
            "dev": true,
            "license": "Apache-2.0",
            "bin": {
                "tsc": "bin/tsc",
                "tsserver": "bin/tsserver"
            },
            "engines": {
                "node": ">=14.17"
            }
        },
        "node_modules/undici-types": {
            "version": "7.16.0",
            "resolved": "https://registry.npmjs.org/undici-types/-/undici-types-7.16.0.tgz",
            "integrity": "sha512-Zz+aZWSj8LE6zoxD+xrjh4VfkIG8Ya6LvYkZqtUQGJPZjYl53ypCaUwWqo7eI0x66KBGeRo+mlBEkMSeSZ38Nw==",
            "dev": true,
            "license": "MIT"
        }
    },
    "dependencies": {
        "@kurkle/color": {
            "version": "0.3.4",
            "resolved": "https://registry.npmjs.org/@kurkle/color/-/color-0.3.4.tgz",
            "integrity": "sha512-M5UknZPHRu3DEDWoipU6sE8PdkZ6Z/S+v4dD+Ke8IaNlpdSQah50lz1KtcFBa2vsdOnwbbnxJwVM4wty6udA5w=="
        },
        "@lydell/node-pty": {
            "version": "1.2.0-beta.15",
            "resolved": "https://registry.npmjs.org/@lydell/node-pty/-/node-pty-1.2.0-beta.15.tgz",
            "integrity": "sha512-Br8wBxzbxFwdWgk9uQ+rdzE0xfoxOK4QuGH54swhRwc5IxP6H9Y1/bcyazRGvNUs6XkB5qNVkezuKSRxUwZe7A==",
            "requires": {
                "@lydell/node-pty-darwin-arm64": "1.2.0-beta.15",
                "@lydell/node-pty-darwin-x64": "1.2.0-beta.15",
                "@lydell/node-pty-linux-arm64": "1.2.0-beta.15",
                "@lydell/node-pty-linux-x64": "1.2.0-beta.15",
                "@lydell/node-pty-win32-arm64": "1.2.0-beta.15",
                "@lydell/node-pty-win32-x64": "1.2.0-beta.15"
            }
        },
        "@lydell/node-pty-darwin-arm64": {
            "version": "1.2.0-beta.15",
            "resolved": "https://registry.npmjs.org/@lydell/node-pty-darwin-arm64/-/node-pty-darwin-arm64-1.2.0-beta.15.tgz",
            "integrity": "sha512-6TSBbzdcLiNTHl1mTuzflqXrkmcC36USVGvERoDgvHk2ItEDaMaFZuAJ1CqPmwYj0DyhCS16TVS8OGK9xZnjyQ==",
            "optional": true
        },
        "@lydell/node-pty-darwin-x64": {
            "version": "1.2.0-beta.15",
            "resolved": "https://registry.npmjs.org/@lydell/node-pty-darwin-x64/-/node-pty-darwin-x64-1.2.0-beta.15.tgz",
            "integrity": "sha512-yDT2oqPqYMBScyuk1U9Rg5VKcrbMOD9o9jWYYamDADA3NSbUISroPChrqYRQ74Y7BQtNH4gqYAiWOZRi5uQZ0Q==",
            "optional": true
        },
        "@lydell/node-pty-linux-arm64": {
            "version": "1.2.0-beta.15",
            "resolved": "https://registry.npmjs.org/@lydell/node-pty-linux-arm64/-/node-pty-linux-arm64-1.2.0-beta.15.tgz",
            "integrity": "sha512-wkbNF7dYAmtJv+o2+iztVlNwnUB4B0uX0wh/UD+mwMcmE2gNMnW9GChXO7fEE5XJokD0vB5idiHpGegaN+G/sg==",
            "optional": true
        },
        "@lydell/node-pty-linux-x64": {
            "version": "1.2.0-beta.15",
            "resolved": "https://registry.npmjs.org/@lydell/node-pty-linux-x64/-/node-pty-linux-x64-1.2.0-beta.15.tgz",
            "integrity": "sha512-+U/5AVvHT6W+8OCYcnJgN0Qgc0ycO3TfD6aaFJHK+WHij797f8gsi5dV1HEO9l6YQmWCD+VL5gaLDhx3mxHwCA==",
            "optional": true
        },
        "@lydell/node-pty-win32-arm64": {
            "version": "1.2.0-beta.15",
            "resolved": "https://registry.npmjs.org/@lydell/node-pty-win32-arm64/-/node-pty-win32-arm64-1.2.0-beta.15.tgz",
            "integrity": "sha512-pyAk91w7wnnKrD4mrHXtIXRfmzSWV5bEzvRhurXcMCtCc2TJ424ciUskIgWMhAPP6y3KyUnqElj+U6kY3iOt0A==",
            "optional": true
        },
        "@lydell/node-pty-win32-x64": {
            "version": "1.2.0-beta.15",
            "resolved": "https://registry.npmjs.org/@lydell/node-pty-win32-x64/-/node-pty-win32-x64-1.2.0-beta.15.tgz",
            "integrity": "sha512-2f8twEmDVxZ7drchAXjtevpmSPhFok0avAnzXro4t5gmz0xsPNKkoZvymwtuIS3xo7PzQqZOPQ/YzwEMb7oIzQ==",
            "optional": true
        },
        "@types/node": {
            "version": "25.0.8",
            "resolved": "https://registry.npmjs.org/@types/node/-/node-25.0.8.tgz",
            "integrity": "sha512-powIePYMmC3ibL0UJ2i2s0WIbq6cg6UyVFQxSCpaPxxzAaziRfimGivjdF943sSGV6RADVbk0Nvlm5P/FB44Zg==",
            "dev": true,
            "requires": {
                "undici-types": "~7.16.0"
            }
        },
        "@xterm/xterm": {
            "version": "6.0.0",
            "resolved": "https://registry.npmjs.org/@xterm/xterm/-/xterm-6.0.0.tgz",
            "integrity": "sha512-TQwDdQGtwwDt+2cgKDLn0IRaSxYu1tSUjgKarSDkUM0ZNiSRXFpjxEsvc/Zgc5kq5omJ+V0a8/kIM2WD3sMOYg=="
        },
        "chart.js": {
            "version": "4.5.1",
            "resolved": "https://registry.npmjs.org/chart.js/-/chart.js-4.5.1.tgz",
            "integrity": "sha512-GIjfiT9dbmHRiYi6Nl2yFCq7kkwdkp1W/lp2J99rX0yo9tgJGn3lKQATztIjb5tVtevcBtIdICNWqlq5+E8/Pw==",
            "requires": {
                "@kurkle/color": "^0.3.0"
            }
        },
        "jschardet": {
            "version": "3.1.4",
            "resolved": "https://registry.npmjs.org/jschardet/-/jschardet-3.1.4.tgz",
            "integrity": "sha512-/kmVISmrwVwtyYU40iQUOp3SUPk2dhNCMsZBQX0R1/jZ8maaXJ/oZIzUOiyOqcgtLnETFKYChbJ5iDC/eWmFHg=="
        },
        "typescript": {
            "version": "6.0.3",
            "resolved": "https://registry.npmjs.org/typescript/-/typescript-6.0.3.tgz",
            "integrity": "sha512-y2TvuxSZPDyQakkFRPZHKFm+KKVqIisdg9/CZwm9ftvKXLP8NRWj38/ODjNbr43SsoXqNuAisEf1GdCxqWcdBw==",
            "dev": true
        },
        "undici-types": {
            "version": "7.16.0",
            "resolved": "https://registry.npmjs.org/undici-types/-/undici-types-7.16.0.tgz",
            "integrity": "sha512-Zz+aZWSj8LE6zoxD+xrjh4VfkIG8Ya6LvYkZqtUQGJPZjYl53ypCaUwWqo7eI0x66KBGeRo+mlBEkMSeSZ38Nw==",
            "dev": true
        }
    }
}
